
Microsoft Visual Studio Solution File, Format Version 12.00
# Visual Studio Version 16
VisualStudioVersion = 16.0.30011.22
MinimumVisualStudioVersion = 10.0.40219.1
Project("{FAE04EC0-301F-11D3-BF4B-00C04F79EFBC}") = "showmeminmaxnumber", "showmeminmaxnumber\showmeminmaxnumber.csproj", "{5A869634-7ECC-4EC6-A5B3-9417BC87FE00}"
EndProject
Global
	GlobalSection(SolutionConfigurationPlatforms) = preSolution
		Debug|Any CPU = Debug|Any CPU
		Release|Any CPU = Release|Any CPU
	EndGlobalSection
	GlobalSection(ProjectConfigurationPlatforms) = postSolution
		{5A869634-7ECC-4EC6-A5B3-9417BC87FE00}.Debug|Any CPU.ActiveCfg = Debug|Any CPU
		{5A869634-7ECC-4EC6-A5B3-9417BC87FE00}.Debug|Any CPU.Build.0 = Debug|Any CPU
		{5A869634-7ECC-4EC6-A5B3-9417BC87FE00}.Release|Any CPU.ActiveCfg = Release|Any CPU
		{5A869634-7ECC-4EC6-A5B3-9417BC87FE00}.Release|Any CPU.Build.0 = Release|Any CPU
	EndGlobalSection
	GlobalSection(SolutionProperties) = preSolution
		HideSolutionNode = FALSE
	EndGlobalSection
	GlobalSection(ExtensibilityGlobals) = postSolution
		SolutionGuid = {D7574F68-C424-4BB0-B9D6-3BF48CFCB93C}
	EndGlobalSection
EndGlobal
